
Microsoft Visual Studio Solution File, Format Version 12.00
# Visual Studio 15
VisualStudioVersion = 15.0.28307.329
MinimumVisualStudioVersion = 10.0.40219.1
Project("{FAE04EC0-301F-11D3-BF4B-00C04F79EFBC}") = "Assignment2019", "Assignment2019\Assignment2019.csproj", "{438B0D38-E910-4C1D-9DC4-D3665DAE0CF6}"
EndProject
Project("{FAE04EC0-301F-11D3-BF4B-00C04F79EFBC}") = "UnitTest1_AMS", "UnitTest1_AMS\UnitTest1_AMS.csproj", "{611DEEE8-6366-467E-A4A6-DCC7623F1124}"
EndProject
Global
	GlobalSection(SolutionConfigurationPlatforms) = preSolution
		Debug|Any CPU = Debug|Any CPU
		Release|Any CPU = Release|Any CPU
	EndGlobalSection
	GlobalSection(ProjectConfigurationPlatforms) = postSolution
		{438B0D38-E910-4C1D-9DC4-D3665DAE0CF6}.Debug|Any CPU.ActiveCfg = Debug|Any CPU
		{438B0D38-E910-4C1D-9DC4-D3665DAE0CF6}.Debug|Any CPU.Build.0 = Debug|Any CPU
		{438B0D38-E910-4C1D-9DC4-D3665DAE0CF6}.Release|Any CPU.ActiveCfg = Release|Any CPU
		{438B0D38-E910-4C1D-9DC4-D3665DAE0CF6}.Release|Any CPU.Build.0 = Release|Any CPU
		{611DEEE8-6366-467E-A4A6-DCC7623F1124}.Debug|Any CPU.ActiveCfg = Debug|Any CPU
		{611DEEE8-6366-467E-A4A6-DCC7623F1124}.Debug|Any CPU.Build.0 = Debug|Any CPU
		{611DEEE8-6366-467E-A4A6-DCC7623F1124}.Release|Any CPU.ActiveCfg = Release|Any CPU
		{611DEEE8-6366-467E-A4A6-DCC7623F1124}.Release|Any CPU.Build.0 = Release|Any CPU
	EndGlobalSection
	GlobalSection(SolutionProperties) = preSolution
		HideSolutionNode = FALSE
	EndGlobalSection
	GlobalSection(ExtensibilityGlobals) = postSolution
		SolutionGuid = {6013E02E-F3A7-417C-972E-5B8526C90B1D}
	EndGlobalSection
EndGlobal
